// !$*UTF8*$!
{
	archiveVersion = 1;
	classes = {
	};
	objectVersion = 46;
	objects = {

/* Begin PBXBuildFile section */
		E082A205111D794F00C452AF /* lcl.m in Sources */ = {isa = PBXBuildFile; fileRef = E0F493F411176EEA00F3F1A6 /* lcl.m */; };
		E082A206111D794F00C452AF /* LCLUserDefaults.m in Sources */ = {isa = PBXBuildFile; fileRef = E0D241F7111C2E4C00CEEE1A /* LCLUserDefaults.m */; };
		E0D24235111C30D000CEEE1A /* lcl.m in Sources */ = {isa = PBXBuildFile; fileRef = E0F493F411176EEA00F3F1A6 /* lcl.m */; };
		E0D24238111C30D300CEEE1A /* LCLUserDefaults.m in Sources */ = {isa = PBXBuildFile; fileRef = E0D241F7111C2E4C00CEEE1A /* LCLUserDefaults.m */; };
		E0D24248111C319B00CEEE1A /* UserDefaultsTestsLogLevelSettingsTests.m in Sources */ = {isa = PBXBuildFile; fileRef = E0D241F8111C2FC600CEEE1A /* UserDefaultsTestsLogLevelSettingsTests.m */; };
		E0D24269111C320E00CEEE1A /* lcl.m in Sources */ = {isa = PBXBuildFile; fileRef = E0F493F411176EEA00F3F1A6 /* lcl.m */; };
		E0D2426A111C320E00CEEE1A /* LCLUserDefaults.m in Sources */ = {isa = PBXBuildFile; fileRef = E0D241F7111C2E4C00CEEE1A /* LCLUserDefaults.m */; };
		E0D2443B111C768000CEEE1A /* lcl.m in Sources */ = {isa = PBXBuildFile; fileRef = E0F493F411176EEA00F3F1A6 /* lcl.m */; };
		E0D2443C111C768000CEEE1A /* LCLUserDefaults.m in Sources */ = {isa = PBXBuildFile; fileRef = E0D241F7111C2E4C00CEEE1A /* LCLUserDefaults.m */; };
		E0D24445111C76EE00CEEE1A /* UserDefaultsTestsFrameworkMain.h in Headers */ = {isa = PBXBuildFile; fileRef = E0D24443111C76EE00CEEE1A /* UserDefaultsTestsFrameworkMain.h */; };
		E0D24446111C76EE00CEEE1A /* UserDefaultsTestsFrameworkMain.m in Sources */ = {isa = PBXBuildFile; fileRef = E0D24444111C76EE00CEEE1A /* UserDefaultsTestsFrameworkMain.m */; };
		E0D2444C111C779800CEEE1A /* UserDefaultsTestsFrameworkTests.m in Sources */ = {isa = PBXBuildFile; fileRef = E0D2444B111C779800CEEE1A /* UserDefaultsTestsFrameworkTests.m */; };
		E0D24452111C784800CEEE1A /* UserDefaults-Tests-Framework.framework in Frameworks */ = {isa = PBXBuildFile; fileRef = E0D24423111C75F500CEEE1A /* UserDefaults-Tests-Framework.framework */; };
/* End PBXBuildFile section */

/* Begin PBXContainerItemProxy section */
		E082A213111D799500C452AF /* PBXContainerItemProxy */ = {
			isa = PBXContainerItemProxy;
			containerPortal = 29B97313FDCFA39411CA2CEA /* Project object */;
			proxyType = 1;
			remoteGlobalIDString = E082A200111D794F00C452AF;
			remoteInfo = "UserDefaults-Tests-iPhoneOS-3.0-Device";
		};
		E0D24273111C322700CEEE1A /* PBXContainerItemProxy */ = {
			isa = PBXContainerItemProxy;
			containerPortal = 29B97313FDCFA39411CA2CEA /* Project object */;
			proxyType = 1;
			remoteGlobalIDString = E0D2421E111C302D00CEEE1A;
			remoteInfo = "UserDefaults-Tests-MacOSX-10.5";
		};
		E0D24428111C760400CEEE1A /* PBXContainerItemProxy */ = {
			isa = PBXContainerItemProxy;
			containerPortal = 29B97313FDCFA39411CA2CEA /* Project object */;
			proxyType = 1;
			remoteGlobalIDString = E0D24422111C75F500CEEE1A;
			remoteInfo = "UserDefaults-Tests-Framework";
		};
/* End PBXContainerItemProxy section */

/* Begin PBXFileReference section */
		E082A20F111D794F00C452AF /* UserDefaults-Tests-iPhoneOS-3.0-Device.octest */ = {isa = PBXFileReference; explicitFileType = wrapper.cfbundle; includeInIndex = 0; path = "UserDefaults-Tests-iPhoneOS-3.0-Device.octest"; sourceTree = BUILT_PRODUCTS_DIR; };
		E08A4D51145B257B0012C0E1 /* lcl_config_extensions.h */ = {isa = PBXFileReference; fileEncoding = 4; lastKnownFileType = sourcecode.c.h; name = lcl_config_extensions.h; path = "UserDefaults-Tests/lcl_config_extensions.h"; sourceTree = "<group>"; };
		E0D241F4111C2E2600CEEE1A /* README.md */ = {isa = PBXFileReference; fileEncoding = 4; lastKnownFileType = text; name = README.md; path = ../README.md; sourceTree = SOURCE_ROOT; };
		E0D241F6111C2E4C00CEEE1A /* LCLUserDefaults.h */ = {isa = PBXFileReference; fileEncoding = 4; lastKnownFileType = sourcecode.c.h; name = LCLUserDefaults.h; path = ../LCLUserDefaults.h; sourceTree = SOURCE_ROOT; };
		E0D241F7111C2E4C00CEEE1A /* LCLUserDefaults.m */ = {isa = PBXFileReference; fileEncoding = 4; lastKnownFileType = sourcecode.c.objc; name = LCLUserDefaults.m; path = ../LCLUserDefaults.m; sourceTree = SOURCE_ROOT; };
		E0D241F8111C2FC600CEEE1A /* UserDefaultsTestsLogLevelSettingsTests.m */ = {isa = PBXFileReference; fileEncoding = 4; lastKnownFileType = sourcecode.c.objc; name = UserDefaultsTestsLogLevelSettingsTests.m; path = "UserDefaults-Tests/UserDefaultsTestsLogLevelSettingsTests.m"; sourceTree = "<group>"; };
		E0D2421F111C302D00CEEE1A /* UserDefaults-Tests-MacOSX.octest */ = {isa = PBXFileReference; explicitFileType = wrapper.cfbundle; includeInIndex = 0; path = "UserDefaults-Tests-MacOSX.octest"; sourceTree = BUILT_PRODUCTS_DIR; };
		E0D2422E111C30B600CEEE1A /* UserDefaults-Tests-Info.plist */ = {isa = PBXFileReference; fileEncoding = 4; lastKnownFileType = text.plist.xml; name = "UserDefaults-Tests-Info.plist"; path = "UserDefaults-Tests/UserDefaults-Tests-Info.plist"; sourceTree = "<group>"; };
		E0D24240111C311100CEEE1A /* lcl_config_logger.h */ = {isa = PBXFileReference; fileEncoding = 4; lastKnownFileType = sourcecode.c.h; name = lcl_config_logger.h; path = "UserDefaults-Tests/lcl_config_logger.h"; sourceTree = "<group>"; };
		E0D24241111C311C00CEEE1A /* lcl_config_components.h */ = {isa = PBXFileReference; fileEncoding = 4; lastKnownFileType = sourcecode.c.h; name = lcl_config_components.h; path = "UserDefaults-Tests/lcl_config_components.h"; sourceTree = "<group>"; };
		E0D24271111C320E00CEEE1A /* UserDefaults-Tests.octest */ = {isa = PBXFileReference; explicitFileType = wrapper.cfbundle; includeInIndex = 0; path = "UserDefaults-Tests.octest"; sourceTree = BUILT_PRODUCTS_DIR; };
		E0D2432C111C3BE400CEEE1A /* LCLUserDefaultsConfig.template.h */ = {isa = PBXFileReference; fileEncoding = 4; lastKnownFileType = sourcecode.c.h; name = LCLUserDefaultsConfig.template.h; path = ../LCLUserDefaultsConfig.template.h; sourceTree = SOURCE_ROOT; };
		E0D2433E111C3C2E00CEEE1A /* LCLUserDefaultsConfig.h */ = {isa = PBXFileReference; fileEncoding = 4; lastKnownFileType = sourcecode.c.h; name = LCLUserDefaultsConfig.h; path = "UserDefaults-Tests/LCLUserDefaultsConfig.h"; sourceTree = "<group>"; };
		E0D24423111C75F500CEEE1A /* UserDefaults-Tests-Framework.framework */ = {isa = PBXFileReference; explicitFileType = wrapper.framework; includeInIndex = 0; path = "UserDefaults-Tests-Framework.framework"; sourceTree = BUILT_PRODUCTS_DIR; };
		E0D24439111C763D00CEEE1A /* UserDefaults-Tests-Framework-Info.plist */ = {isa = PBXFileReference; fileEncoding = 4; lastKnownFileType = text.plist.xml; name = "UserDefaults-Tests-Framework-Info.plist"; path = "UserDefaults-Tests/Framework/UserDefaults-Tests-Framework-Info.plist"; sourceTree = "<group>"; };
		E0D24442111C76C100CEEE1A /* UserDefaultsTestsFramework.h */ = {isa = PBXFileReference; fileEncoding = 4; lastKnownFileType = sourcecode.c.h; name = UserDefaultsTestsFramework.h; path = "UserDefaults-Tests/Framework/UserDefaultsTestsFramework.h"; sourceTree = "<group>"; };
		E0D24443111C76EE00CEEE1A /* UserDefaultsTestsFrameworkMain.h */ = {isa = PBXFileReference; fileEncoding = 4; lastKnownFileType = sourcecode.c.h; name = UserDefaultsTestsFrameworkMain.h; path = "UserDefaults-Tests/Framework/UserDefaultsTestsFrameworkMain.h"; sourceTree = "<group>"; };
		E0D24444111C76EE00CEEE1A /* UserDefaultsTestsFrameworkMain.m */ = {isa = PBXFileReference; fileEncoding = 4; lastKnownFileType = sourcecode.c.objc; name = UserDefaultsTestsFrameworkMain.m; path = "UserDefaults-Tests/Framework/UserDefaultsTestsFrameworkMain.m"; sourceTree = "<group>"; };
		E0D2444B111C779800CEEE1A /* UserDefaultsTestsFrameworkTests.m */ = {isa = PBXFileReference; fileEncoding = 4; lastKnownFileType = sourcecode.c.objc; name = UserDefaultsTestsFrameworkTests.m; path = "UserDefaults-Tests/UserDefaultsTestsFrameworkTests.m"; sourceTree = "<group>"; };
		E0F493F311176EEA00F3F1A6 /* lcl.h */ = {isa = PBXFileReference; fileEncoding = 4; lastKnownFileType = sourcecode.c.h; name = lcl.h; path = Core/lcl.h; sourceTree = "<group>"; };
		E0F493F411176EEA00F3F1A6 /* lcl.m */ = {isa = PBXFileReference; fileEncoding = 4; lastKnownFileType = sourcecode.c.objc; name = lcl.m; path = Core/lcl.m; sourceTree = "<group>"; };
/* End PBXFileReference section */

/* Begin PBXFrameworksBuildPhase section */
		E082A209111D794F00C452AF /* Frameworks */ = {
			isa = PBXFrameworksBuildPhase;
			buildActionMask = 2147483647;
			files = (
			);
			runOnlyForDeploymentPostprocessing = 0;
		};
		E0D2421C111C302D00CEEE1A /* Frameworks */ = {
			isa = PBXFrameworksBuildPhase;
			buildActionMask = 2147483647;
			files = (
				E0D24452111C784800CEEE1A /* UserDefaults-Tests-Framework.framework in Frameworks */,
			);
			runOnlyForDeploymentPostprocessing = 0;
		};
		E0D2426C111C320E00CEEE1A /* Frameworks */ = {
			isa = PBXFrameworksBuildPhase;
			buildActionMask = 2147483647;
			files = (
			);
			runOnlyForDeploymentPostprocessing = 0;
		};
		E0D24421111C75F500CEEE1A /* Frameworks */ = {
			isa = PBXFrameworksBuildPhase;
			buildActionMask = 2147483647;
			files = (
			);
			runOnlyForDeploymentPostprocessing = 0;
		};
/* End PBXFrameworksBuildPhase section */

/* Begin PBXGroup section */
		29B97314FDCFA39411CA2CEA /* UserDefaults */ = {
			isa = PBXGroup;
			children = (
				E0D241F4111C2E2600CEEE1A /* README.md */,
				E0F493F211176EDA00F3F1A6 /* Core */,
				E0D241F5111C2E3F00CEEE1A /* UserDefaults */,
				E0D241F9111C2FCB00CEEE1A /* UserDefaults-Tests */,
				E0D24271111C320E00CEEE1A /* UserDefaults-Tests.octest */,
				E0D2421F111C302D00CEEE1A /* UserDefaults-Tests-MacOSX.octest */,
				E0D24423111C75F500CEEE1A /* UserDefaults-Tests-Framework.framework */,
				E082A20F111D794F00C452AF /* UserDefaults-Tests-iPhoneOS-3.0-Device.octest */,
			);
			name = UserDefaults;
			sourceTree = "<group>";
		};
		E0D241F5111C2E3F00CEEE1A /* UserDefaults */ = {
			isa = PBXGroup;
			children = (
				E0D241F6111C2E4C00CEEE1A /* LCLUserDefaults.h */,
				E0D241F7111C2E4C00CEEE1A /* LCLUserDefaults.m */,
				E0D2432C111C3BE400CEEE1A /* LCLUserDefaultsConfig.template.h */,
			);
			name = UserDefaults;
			sourceTree = "<group>";
		};
		E0D241F9111C2FCB00CEEE1A /* UserDefaults-Tests */ = {
			isa = PBXGroup;
			children = (
				E0D24240111C311100CEEE1A /* lcl_config_logger.h */,
				E0D24241111C311C00CEEE1A /* lcl_config_components.h */,
				E08A4D51145B257B0012C0E1 /* lcl_config_extensions.h */,
				E0D2433E111C3C2E00CEEE1A /* LCLUserDefaultsConfig.h */,
				E0D2422E111C30B600CEEE1A /* UserDefaults-Tests-Info.plist */,
				E0D241F8111C2FC600CEEE1A /* UserDefaultsTestsLogLevelSettingsTests.m */,
				E0D2441D111C75DE00CEEE1A /* Framework */,
				E0D2444B111C779800CEEE1A /* UserDefaultsTestsFrameworkTests.m */,
			);
			name = "UserDefaults-Tests";
			sourceTree = "<group>";
		};
		E0D2441D111C75DE00CEEE1A /* Framework */ = {
			isa = PBXGroup;
			children = (
				E0D24439111C763D00CEEE1A /* UserDefaults-Tests-Framework-Info.plist */,
				E0D24442111C76C100CEEE1A /* UserDefaultsTestsFramework.h */,
				E0D24443111C76EE00CEEE1A /* UserDefaultsTestsFrameworkMain.h */,
				E0D24444111C76EE00CEEE1A /* UserDefaultsTestsFrameworkMain.m */,
			);
			name = Framework;
			sourceTree = "<group>";
		};
		E0F493F211176EDA00F3F1A6 /* Core */ = {
			isa = PBXGroup;
			children = (
				E0F493F311176EEA00F3F1A6 /* lcl.h */,
				E0F493F411176EEA00F3F1A6 /* lcl.m */,
			);
			name = Core;
			sourceTree = "<group>";
		};
/* End PBXGroup section */

/* Begin PBXHeadersBuildPhase section */
		E0D2441E111C75F500CEEE1A /* Headers */ = {
			isa = PBXHeadersBuildPhase;
			buildActionMask = 2147483647;
			files = (
				E0D24445111C76EE00CEEE1A /* UserDefaultsTestsFrameworkMain.h in Headers */,
			);
			runOnlyForDeploymentPostprocessing = 0;
		};
/* End PBXHeadersBuildPhase section */

/* Begin PBXNativeTarget section */
		E082A200111D794F00C452AF /* UserDefaults-Tests-iPhoneOS */ = {
			isa = PBXNativeTarget;
			buildConfigurationList = E082A20C111D794F00C452AF /* Build configuration list for PBXNativeTarget "UserDefaults-Tests-iPhoneOS" */;
			buildPhases = (
				E082A203111D794F00C452AF /* Resources */,
				E082A204111D794F00C452AF /* Sources */,
				E082A209111D794F00C452AF /* Frameworks */,
				E082A20B111D794F00C452AF /* ShellScript */,
			);
			buildRules = (
			);
			dependencies = (
			);
			name = "UserDefaults-Tests-iPhoneOS";
			productName = "UserDefaults-Tests-MacOSX-10.5";
			productReference = E082A20F111D794F00C452AF /* UserDefaults-Tests-iPhoneOS-3.0-Device.octest */;
			productType = "com.apple.product-type.bundle";
		};
		E0D2421E111C302D00CEEE1A /* UserDefaults-Tests-MacOSX */ = {
			isa = PBXNativeTarget;
			buildConfigurationList = E0D24223111C302E00CEEE1A /* Build configuration list for PBXNativeTarget "UserDefaults-Tests-MacOSX" */;
			buildPhases = (
				E0D2421A111C302D00CEEE1A /* Resources */,
				E0D2421B111C302D00CEEE1A /* Sources */,
				E0D2421C111C302D00CEEE1A /* Frameworks */,
				E0D2421D111C302D00CEEE1A /* ShellScript */,
			);
			buildRules = (
			);
			dependencies = (
				E0D24429111C760400CEEE1A /* PBXTargetDependency */,
			);
			name = "UserDefaults-Tests-MacOSX";
			productName = "UserDefaults-Tests-MacOSX-10.5";
			productReference = E0D2421F111C302D00CEEE1A /* UserDefaults-Tests-MacOSX.octest */;
			productType = "com.apple.product-type.bundle";
		};
		E0D24266111C320E00CEEE1A /* UserDefaults-Tests */ = {
			isa = PBXNativeTarget;
			buildConfigurationList = E0D2426E111C320E00CEEE1A /* Build configuration list for PBXNativeTarget "UserDefaults-Tests" */;
			buildPhases = (
				E0D24267111C320E00CEEE1A /* Resources */,
				E0D24268111C320E00CEEE1A /* Sources */,
				E0D2426C111C320E00CEEE1A /* Frameworks */,
				E0D2426D111C320E00CEEE1A /* ShellScript */,
			);
			buildRules = (
			);
			dependencies = (
				E0D24274111C322700CEEE1A /* PBXTargetDependency */,
				E082A214111D799500C452AF /* PBXTargetDependency */,
			);
			name = "UserDefaults-Tests";
			productName = "UserDefaults-Tests-MacOSX-10.5";
			productReference = E0D24271111C320E00CEEE1A /* UserDefaults-Tests.octest */;
			productType = "com.apple.product-type.bundle";
		};
		E0D24422111C75F500CEEE1A /* UserDefaults-Tests-Framework */ = {
			isa = PBXNativeTarget;
			buildConfigurationList = E0D24427111C75F600CEEE1A /* Build configuration list for PBXNativeTarget "UserDefaults-Tests-Framework" */;
			buildPhases = (
				E0D2441E111C75F500CEEE1A /* Headers */,
				E0D2441F111C75F500CEEE1A /* Resources */,
				E0D24420111C75F500CEEE1A /* Sources */,
				E0D24421111C75F500CEEE1A /* Frameworks */,
			);
			buildRules = (
			);
			dependencies = (
			);
			name = "UserDefaults-Tests-Framework";
			productName = "UserDefaults-Tests-Framework";
			productReference = E0D24423111C75F500CEEE1A /* UserDefaults-Tests-Framework.framework */;
			productType = "com.apple.product-type.framework";
		};
/* End PBXNativeTarget section */

/* Begin PBXProject section */
		29B97313FDCFA39411CA2CEA /* Project object */ = {
			isa = PBXProject;
			attributes = {
				LastUpgradeCheck = 0420;
			};
			buildConfigurationList = C01FCF4E08A954540054247B /* Build configuration list for PBXProject "LibComponentLogging-UserDefaults" */;
			compatibilityVersion = "Xcode 3.2";
			developmentRegion = English;
			hasScannedForEncodings = 1;
			knownRegions = (
				en,
			);
			mainGroup = 29B97314FDCFA39411CA2CEA /* UserDefaults */;
			productRefGroup = 29B97314FDCFA39411CA2CEA /* UserDefaults */;
			projectDirPath = "";
			projectRoot = "";
			targets = (
				E0D24266111C320E00CEEE1A /* UserDefaults-Tests */,
				E0D2421E111C302D00CEEE1A /* UserDefaults-Tests-MacOSX */,
				E082A200111D794F00C452AF /* UserDefaults-Tests-iPhoneOS */,
				E0D24422111C75F500CEEE1A /* UserDefaults-Tests-Framework */,
			);
		};
/* End PBXProject section */

/* Begin PBXResourcesBuildPhase section */
		E082A203111D794F00C452AF /* Resources */ = {
			isa = PBXResourcesBuildPhase;
			buildActionMask = 2147483647;
			files = (
			);
			runOnlyForDeploymentPostprocessing = 0;
		};
		E0D2421A111C302D00CEEE1A /* Resources */ = {
			isa = PBXResourcesBuildPhase;
			buildActionMask = 2147483647;
			files = (
			);
			runOnlyForDeploymentPostprocessing = 0;
		};
		E0D24267111C320E00CEEE1A /* Resources */ = {
			isa = PBXResourcesBuildPhase;
			buildActionMask = 2147483647;
			files = (
			);
			runOnlyForDeploymentPostprocessing = 0;
		};
		E0D2441F111C75F500CEEE1A /* Resources */ = {
			isa = PBXResourcesBuildPhase;
			buildActionMask = 2147483647;
			files = (
			);
			runOnlyForDeploymentPostprocessing = 0;
		};
/* End PBXResourcesBuildPhase section */

/* Begin PBXShellScriptBuildPhase section */
		E082A20B111D794F00C452AF /* ShellScript */ = {
			isa = PBXShellScriptBuildPhase;
			buildActionMask = 2147483647;
			files = (
			);
			inputPaths = (
			);
			outputPaths = (
			);
			runOnlyForDeploymentPostprocessing = 0;
			shellPath = /bin/sh;
			shellScript = "# Run the unit tests in this test bundle.\n\"${SYSTEM_DEVELOPER_DIR}/Tools/RunUnitTests\"\n";
		};
		E0D2421D111C302D00CEEE1A /* ShellScript */ = {
			isa = PBXShellScriptBuildPhase;
			buildActionMask = 2147483647;
			files = (
			);
			inputPaths = (
			);
			outputPaths = (
			);
			runOnlyForDeploymentPostprocessing = 0;
			shellPath = /bin/sh;
			shellScript = "# Run the unit tests in this test bundle.\n\"${SYSTEM_DEVELOPER_DIR}/Tools/RunUnitTests\"\n";
		};
		E0D2426D111C320E00CEEE1A /* ShellScript */ = {
			isa = PBXShellScriptBuildPhase;
			buildActionMask = 2147483647;
			files = (
			);
			inputPaths = (
			);
			outputPaths = (
			);
			runOnlyForDeploymentPostprocessing = 0;
			shellPath = /bin/sh;
			shellScript = "# Run the unit tests in this test bundle.\n\"${SYSTEM_DEVELOPER_DIR}/Tools/RunUnitTests\"\n";
		};
/* End PBXShellScriptBuildPhase section */

/* Begin PBXSourcesBuildPhase section */
		E082A204111D794F00C452AF /* Sources */ = {
			isa = PBXSourcesBuildPhase;
			buildActionMask = 2147483647;
			files = (
				E082A205111D794F00C452AF /* lcl.m in Sources */,
				E082A206111D794F00C452AF /* LCLUserDefaults.m in Sources */,
			);
			runOnlyForDeploymentPostprocessing = 0;
		};
		E0D2421B111C302D00CEEE1A /* Sources */ = {
			isa = PBXSourcesBuildPhase;
			buildActionMask = 2147483647;
			files = (
				E0D24235111C30D000CEEE1A /* lcl.m in Sources */,
				E0D24238111C30D300CEEE1A /* LCLUserDefaults.m in Sources */,
				E0D24248111C319B00CEEE1A /* UserDefaultsTestsLogLevelSettingsTests.m in Sources */,
				E0D2444C111C779800CEEE1A /* UserDefaultsTestsFrameworkTests.m in Sources */,
			);
			runOnlyForDeploymentPostprocessing = 0;
		};
		E0D24268111C320E00CEEE1A /* Sources */ = {
			isa = PBXSourcesBuildPhase;
			buildActionMask = 2147483647;
			files = (
				E0D24269111C320E00CEEE1A /* lcl.m in Sources */,
				E0D2426A111C320E00CEEE1A /* LCLUserDefaults.m in Sources */,
			);
			runOnlyForDeploymentPostprocessing = 0;
		};
		E0D24420111C75F500CEEE1A /* Sources */ = {
			isa = PBXSourcesBuildPhase;
			buildActionMask = 2147483647;
			files = (
				E0D2443B111C768000CEEE1A /* lcl.m in Sources */,
				E0D2443C111C768000CEEE1A /* LCLUserDefaults.m in Sources */,
				E0D24446111C76EE00CEEE1A /* UserDefaultsTestsFrameworkMain.m in Sources */,
			);
			runOnlyForDeploymentPostprocessing = 0;
		};
/* End PBXSourcesBuildPhase section */

/* Begin PBXTargetDependency section */
		E082A214111D799500C452AF /* PBXTargetDependency */ = {
			isa = PBXTargetDependency;
			target = E082A200111D794F00C452AF /* UserDefaults-Tests-iPhoneOS */;
			targetProxy = E082A213111D799500C452AF /* PBXContainerItemProxy */;
		};
		E0D24274111C322700CEEE1A /* PBXTargetDependency */ = {
			isa = PBXTargetDependency;
			target = E0D2421E111C302D00CEEE1A /* UserDefaults-Tests-MacOSX */;
			targetProxy = E0D24273111C322700CEEE1A /* PBXContainerItemProxy */;
		};
		E0D24429111C760400CEEE1A /* PBXTargetDependency */ = {
			isa = PBXTargetDependency;
			target = E0D24422111C75F500CEEE1A /* UserDefaults-Tests-Framework */;
			targetProxy = E0D24428111C760400CEEE1A /* PBXContainerItemProxy */;
		};
/* End PBXTargetDependency section */

/* Begin XCBuildConfiguration section */
		C01FCF4F08A954540054247B /* Debug */ = {
			isa = XCBuildConfiguration;
			buildSettings = {
				ARCHS = "$(ARCHS_STANDARD_32_BIT)";
				GCC_C_LANGUAGE_STANDARD = c99;
				GCC_OPTIMIZATION_LEVEL = 0;
				GCC_WARN_ABOUT_RETURN_TYPE = YES;
				GCC_WARN_UNUSED_VARIABLE = YES;
				ONLY_ACTIVE_ARCH = YES;
				SDKROOT = macosx;
			};
			name = Debug;
		};
		C01FCF5008A954540054247B /* Release */ = {
			isa = XCBuildConfiguration;
			buildSettings = {
				ARCHS = "$(ARCHS_STANDARD_32_BIT)";
				GCC_C_LANGUAGE_STANDARD = c99;
				GCC_WARN_ABOUT_RETURN_TYPE = YES;
				GCC_WARN_UNUSED_VARIABLE = YES;
				SDKROOT = macosx;
			};
			name = Release;
		};
		E082A20D111D794F00C452AF /* Debug */ = {
			isa = XCBuildConfiguration;
			buildSettings = {
				ALWAYS_SEARCH_USER_PATHS = NO;
				ARCHS = "$(ARCHS_STANDARD_32_BIT)";
				CODE_SIGN_IDENTITY = "iPhone Developer";
				COPY_PHASE_STRIP = NO;
				FRAMEWORK_SEARCH_PATHS = "$(DEVELOPER_LIBRARY_DIR)/Frameworks";
				GCC_DYNAMIC_NO_PIC = NO;
				GCC_ENABLE_OBJC_EXCEPTIONS = YES;
				GCC_MODEL_TUNING = G5;
				GCC_OPTIMIZATION_LEVEL = 0;
				GCC_PRECOMPILE_PREFIX_HEADER = NO;
				GCC_TREAT_IMPLICIT_FUNCTION_DECLARATIONS_AS_ERRORS = YES;
				GCC_TREAT_NONCONFORMANT_CODE_ERRORS_AS_WARNINGS = YES;
				GCC_TREAT_WARNINGS_AS_ERRORS = YES;
				GCC_VERSION = com.apple.compilers.llvm.clang.1_0;
				GCC_WARN_64_TO_32_BIT_CONVERSION = YES;
				GCC_WARN_ABOUT_MISSING_NEWLINE = YES;
				GCC_WARN_ABOUT_MISSING_PROTOTYPES = YES;
				GCC_WARN_CHECK_SWITCH_STATEMENTS = YES;
				GCC_WARN_INITIALIZER_NOT_FULLY_BRACKETED = YES;
				GCC_WARN_MISSING_PARENTHESES = YES;
				GCC_WARN_PROTOTYPE_CONVERSION = NO;
				GCC_WARN_SHADOW = YES;
				GCC_WARN_SIGN_COMPARE = YES;
				GCC_WARN_UNKNOWN_PRAGMAS = YES;
				GCC_WARN_UNUSED_FUNCTION = YES;
				GCC_WARN_UNUSED_LABEL = YES;
				GCC_WARN_UNUSED_PARAMETER = YES;
				GCC_WARN_UNUSED_VALUE = YES;
				INFOPLIST_FILE = "UserDefaults-Tests/UserDefaults-Tests-Info.plist";
				INSTALL_PATH = "$(USER_LIBRARY_DIR)/Bundles";
				ONLY_ACTIVE_ARCH = NO;
				OTHER_LDFLAGS = (
					"-framework",
					Foundation,
					"-framework",
					SenTestingKit,
				);
				PRODUCT_NAME = "UserDefaults-Tests-iPhoneOS-3.0-Device";
				PROVISIONING_PROFILE = "";
				SDKROOT = iphoneos;
				WRAPPER_EXTENSION = octest;
			};
			name = Debug;
		};
		E082A20E111D794F00C452AF /* Release */ = {
			isa = XCBuildConfiguration;
			buildSettings = {
				ALWAYS_SEARCH_USER_PATHS = NO;
				ARCHS = "$(ARCHS_STANDARD_32_BIT)";
				CODE_SIGN_IDENTITY = "iPhone Developer";
				COPY_PHASE_STRIP = YES;
				DEBUG_INFORMATION_FORMAT = "dwarf-with-dsym";
				FRAMEWORK_SEARCH_PATHS = "$(DEVELOPER_LIBRARY_DIR)/Frameworks";
				GCC_ENABLE_OBJC_EXCEPTIONS = YES;
				GCC_MODEL_TUNING = G5;
				GCC_PRECOMPILE_PREFIX_HEADER = NO;
				GCC_TREAT_IMPLICIT_FUNCTION_DECLARATIONS_AS_ERRORS = YES;
				GCC_TREAT_NONCONFORMANT_CODE_ERRORS_AS_WARNINGS = YES;
				GCC_TREAT_WARNINGS_AS_ERRORS = YES;
				GCC_VERSION = com.apple.compilers.llvm.clang.1_0;
				GCC_WARN_64_TO_32_BIT_CONVERSION = YES;
				GCC_WARN_ABOUT_MISSING_NEWLINE = YES;
				GCC_WARN_ABOUT_MISSING_PROTOTYPES = YES;
				GCC_WARN_CHECK_SWITCH_STATEMENTS = YES;
				GCC_WARN_INITIALIZER_NOT_FULLY_BRACKETED = YES;
				GCC_WARN_MISSING_PARENTHESES = YES;
				GCC_WARN_PROTOTYPE_CONVERSION = NO;
				GCC_WARN_SHADOW = YES;
				GCC_WARN_SIGN_COMPARE = YES;
				GCC_WARN_UNKNOWN_PRAGMAS = YES;
				GCC_WARN_UNUSED_FUNCTION = YES;
				GCC_WARN_UNUSED_LABEL = YES;
				GCC_WARN_UNUSED_PARAMETER = YES;
				GCC_WARN_UNUSED_VALUE = YES;
				INFOPLIST_FILE = "UserDefaults-Tests/UserDefaults-Tests-Info.plist";
				INSTALL_PATH = "$(USER_LIBRARY_DIR)/Bundles";
				ONLY_ACTIVE_ARCH = NO;
				OTHER_LDFLAGS = (
					"-framework",
					Foundation,
					"-framework",
					SenTestingKit,
				);
				PRODUCT_NAME = "UserDefaults-Tests-iPhoneOS-3.0-Device";
				PROVISIONING_PROFILE = "";
				SDKROOT = iphoneos;
				WRAPPER_EXTENSION = octest;
				ZERO_LINK = NO;
			};
			name = Release;
		};
		E0D24221111C302E00CEEE1A /* Debug */ = {
			isa = XCBuildConfiguration;
			buildSettings = {
				ALWAYS_SEARCH_USER_PATHS = NO;
				ARCHS = (
					i386,
					x86_64,
					ppc,
				);
				COPY_PHASE_STRIP = NO;
				FRAMEWORK_SEARCH_PATHS = "$(DEVELOPER_LIBRARY_DIR)/Frameworks";
				GCC_DYNAMIC_NO_PIC = NO;
				GCC_ENABLE_OBJC_EXCEPTIONS = YES;
				GCC_MODEL_TUNING = G5;
				GCC_OPTIMIZATION_LEVEL = 0;
				GCC_PRECOMPILE_PREFIX_HEADER = NO;
				GCC_TREAT_IMPLICIT_FUNCTION_DECLARATIONS_AS_ERRORS = YES;
				GCC_TREAT_NONCONFORMANT_CODE_ERRORS_AS_WARNINGS = YES;
				GCC_TREAT_WARNINGS_AS_ERRORS = YES;
				GCC_WARN_64_TO_32_BIT_CONVERSION = YES;
				GCC_WARN_ABOUT_MISSING_NEWLINE = YES;
				GCC_WARN_ABOUT_MISSING_PROTOTYPES = YES;
				GCC_WARN_CHECK_SWITCH_STATEMENTS = YES;
				GCC_WARN_INITIALIZER_NOT_FULLY_BRACKETED = YES;
				GCC_WARN_MISSING_PARENTHESES = YES;
				GCC_WARN_PROTOTYPE_CONVERSION = NO;
				GCC_WARN_SHADOW = YES;
				GCC_WARN_SIGN_COMPARE = YES;
				GCC_WARN_UNKNOWN_PRAGMAS = YES;
				GCC_WARN_UNUSED_FUNCTION = YES;
				GCC_WARN_UNUSED_LABEL = YES;
				GCC_WARN_UNUSED_PARAMETER = YES;
				GCC_WARN_UNUSED_VALUE = YES;
				INFOPLIST_FILE = "UserDefaults-Tests/UserDefaults-Tests-Info.plist";
				INSTALL_PATH = "$(USER_LIBRARY_DIR)/Bundles";
				ONLY_ACTIVE_ARCH = NO;
				OTHER_LDFLAGS = (
					"-framework",
					Foundation,
					"-framework",
					SenTestingKit,
				);
				PRODUCT_NAME = "UserDefaults-Tests-MacOSX";
				RUN_CLANG_STATIC_ANALYZER = YES;
				SDKROOT = macosx;
				WRAPPER_EXTENSION = octest;
			};
			name = Debug;
		};
		E0D24222111C302E00CEEE1A /* Release */ = {
			isa = XCBuildConfiguration;
			buildSettings = {
				ALWAYS_SEARCH_USER_PATHS = NO;
				ARCHS = (
					i386,
					x86_64,
					ppc,
				);
				COPY_PHASE_STRIP = YES;
				DEBUG_INFORMATION_FORMAT = "dwarf-with-dsym";
				FRAMEWORK_SEARCH_PATHS = "$(DEVELOPER_LIBRARY_DIR)/Frameworks";
				GCC_ENABLE_OBJC_EXCEPTIONS = YES;
				GCC_MODEL_TUNING = G5;
				GCC_PRECOMPILE_PREFIX_HEADER = NO;
				GCC_TREAT_IMPLICIT_FUNCTION_DECLARATIONS_AS_ERRORS = YES;
				GCC_TREAT_NONCONFORMANT_CODE_ERRORS_AS_WARNINGS = YES;
				GCC_TREAT_WARNINGS_AS_ERRORS = YES;
				GCC_WARN_64_TO_32_BIT_CONVERSION = YES;
				GCC_WARN_ABOUT_MISSING_NEWLINE = YES;
				GCC_WARN_ABOUT_MISSING_PROTOTYPES = YES;
				GCC_WARN_CHECK_SWITCH_STATEMENTS = YES;
				GCC_WARN_INITIALIZER_NOT_FULLY_BRACKETED = YES;
				GCC_WARN_MISSING_PARENTHESES = YES;
				GCC_WARN_PROTOTYPE_CONVERSION = NO;
				GCC_WARN_SHADOW = YES;
				GCC_WARN_SIGN_COMPARE = YES;
				GCC_WARN_UNKNOWN_PRAGMAS = YES;
				GCC_WARN_UNUSED_FUNCTION = YES;
				GCC_WARN_UNUSED_LABEL = YES;
				GCC_WARN_UNUSED_PARAMETER = YES;
				GCC_WARN_UNUSED_VALUE = YES;
				INFOPLIST_FILE = "UserDefaults-Tests/UserDefaults-Tests-Info.plist";
				INSTALL_PATH = "$(USER_LIBRARY_DIR)/Bundles";
				ONLY_ACTIVE_ARCH = NO;
				OTHER_LDFLAGS = (
					"-framework",
					Foundation,
					"-framework",
					SenTestingKit,
				);
				PRODUCT_NAME = "UserDefaults-Tests-MacOSX";
				RUN_CLANG_STATIC_ANALYZER = YES;
				SDKROOT = macosx;
				WRAPPER_EXTENSION = octest;
				ZERO_LINK = NO;
			};
			name = Release;
		};
		E0D2426F111C320E00CEEE1A /* Debug */ = {
			isa = XCBuildConfiguration;
			buildSettings = {
				ALWAYS_SEARCH_USER_PATHS = NO;
				ARCHS = (
					i386,
					x86_64,
					ppc,
				);
				COPY_PHASE_STRIP = NO;
				FRAMEWORK_SEARCH_PATHS = "$(DEVELOPER_LIBRARY_DIR)/Frameworks";
				GCC_DYNAMIC_NO_PIC = NO;
				GCC_ENABLE_OBJC_EXCEPTIONS = YES;
				GCC_MODEL_TUNING = G5;
				GCC_OPTIMIZATION_LEVEL = 0;
				GCC_PRECOMPILE_PREFIX_HEADER = NO;
				INFOPLIST_FILE = "UserDefaults-Tests/UserDefaults-Tests-Info.plist";
				INSTALL_PATH = "$(USER_LIBRARY_DIR)/Bundles";
				ONLY_ACTIVE_ARCH = NO;
				OTHER_LDFLAGS = (
					"-framework",
					Foundation,
					"-framework",
					SenTestingKit,
				);
				PRODUCT_NAME = "UserDefaults-Tests";
				SDKROOT = macosx;
				WRAPPER_EXTENSION = octest;
			};
			name = Debug;
		};
		E0D24270111C320E00CEEE1A /* Release */ = {
			isa = XCBuildConfiguration;
			buildSettings = {
				ALWAYS_SEARCH_USER_PATHS = NO;
				ARCHS = (
					i386,
					x86_64,
					ppc,
				);
				COPY_PHASE_STRIP = YES;
				DEBUG_INFORMATION_FORMAT = "dwarf-with-dsym";
				FRAMEWORK_SEARCH_PATHS = "$(DEVELOPER_LIBRARY_DIR)/Frameworks";
				GCC_ENABLE_OBJC_EXCEPTIONS = YES;
				GCC_MODEL_TUNING = G5;
				GCC_PRECOMPILE_PREFIX_HEADER = NO;
				INFOPLIST_FILE = "UserDefaults-Tests/UserDefaults-Tests-Info.plist";
				INSTALL_PATH = "$(USER_LIBRARY_DIR)/Bundles";
				ONLY_ACTIVE_ARCH = NO;
				OTHER_LDFLAGS = (
					"-framework",
					Foundation,
					"-framework",
					SenTestingKit,
				);
				PRODUCT_NAME = "UserDefaults-Tests";
				SDKROOT = macosx;
				WRAPPER_EXTENSION = octest;
				ZERO_LINK = NO;
			};
			name = Release;
		};
		E0D24425111C75F600CEEE1A /* Debug */ = {
			isa = XCBuildConfiguration;
			buildSettings = {
				ALWAYS_SEARCH_USER_PATHS = NO;
				ARCHS = (
					i386,
					x86_64,
					ppc,
				);
				COPY_PHASE_STRIP = NO;
				DYLIB_COMPATIBILITY_VERSION = 1;
				DYLIB_CURRENT_VERSION = 1;
				FRAMEWORK_VERSION = A;
				GCC_DYNAMIC_NO_PIC = NO;
				GCC_MODEL_TUNING = G5;
				GCC_OPTIMIZATION_LEVEL = 0;
				GCC_PRECOMPILE_PREFIX_HEADER = NO;
				GCC_PREFIX_HEADER = "";
				GCC_PREPROCESSOR_DEFINITIONS = USERDEFAULTS_TESTS_FRAMEWORK_BUILD;
				GCC_VERSION = com.apple.compilers.llvm.clang.1_0;
				INFOPLIST_FILE = "UserDefaults-Tests/Framework/UserDefaults-Tests-Framework-Info.plist";
				INSTALL_PATH = "$(HOME)/Library/Frameworks";
				ONLY_ACTIVE_ARCH = NO;
				OTHER_LDFLAGS = (
					"-framework",
					Foundation,
				);
				PRODUCT_NAME = "UserDefaults-Tests-Framework";
				SDKROOT = macosx;
			};
			name = Debug;
		};
		E0D24426111C75F600CEEE1A /* Release */ = {
			isa = XCBuildConfiguration;
			buildSettings = {
				ALWAYS_SEARCH_USER_PATHS = NO;
				ARCHS = (
					i386,
					x86_64,
					ppc,
				);
				COPY_PHASE_STRIP = YES;
				DEBUG_INFORMATION_FORMAT = "dwarf-with-dsym";
				DYLIB_COMPATIBILITY_VERSION = 1;
				DYLIB_CURRENT_VERSION = 1;
				FRAMEWORK_VERSION = A;
				GCC_MODEL_TUNING = G5;
				GCC_PRECOMPILE_PREFIX_HEADER = NO;
				GCC_PREFIX_HEADER = "";
				GCC_PREPROCESSOR_DEFINITIONS = USERDEFAULTS_TESTS_FRAMEWORK_BUILD;
				GCC_VERSION = com.apple.compilers.llvm.clang.1_0;
				INFOPLIST_FILE = "UserDefaults-Tests/Framework/UserDefaults-Tests-Framework-Info.plist";
				INSTALL_PATH = "$(HOME)/Library/Frameworks";
				ONLY_ACTIVE_ARCH = NO;
				OTHER_LDFLAGS = (
					"-framework",
					Foundation,
				);
				PRODUCT_NAME = "UserDefaults-Tests-Framework";
				SDKROOT = macosx;
				ZERO_LINK = NO;
			};
			name = Release;
		};
/* End XCBuildConfiguration section */

/* Begin XCConfigurationList section */
		C01FCF4E08A954540054247B /* Build configuration list for PBXProject "LibComponentLogging-UserDefaults" */ = {
			isa = XCConfigurationList;
			buildConfigurations = (
				C01FCF4F08A954540054247B /* Debug */,
				C01FCF5008A954540054247B /* Release */,
			);
			defaultConfigurationIsVisible = 0;
			defaultConfigurationName = Release;
		};
		E082A20C111D794F00C452AF /* Build configuration list for PBXNativeTarget "UserDefaults-Tests-iPhoneOS" */ = {
			isa = XCConfigurationList;
			buildConfigurations = (
				E082A20D111D794F00C452AF /* Debug */,
				E082A20E111D794F00C452AF /* Release */,
			);
			defaultConfigurationIsVisible = 0;
			defaultConfigurationName = Release;
		};
		E0D24223111C302E00CEEE1A /* Build configuration list for PBXNativeTarget "UserDefaults-Tests-MacOSX" */ = {
			isa = XCConfigurationList;
			buildConfigurations = (
				E0D24221111C302E00CEEE1A /* Debug */,
				E0D24222111C302E00CEEE1A /* Release */,
			);
			defaultConfigurationIsVisible = 0;
			defaultConfigurationName = Release;
		};
		E0D2426E111C320E00CEEE1A /* Build configuration list for PBXNativeTarget "UserDefaults-Tests" */ = {
			isa = XCConfigurationList;
			buildConfigurations = (
				E0D2426F111C320E00CEEE1A /* Debug */,
				E0D24270111C320E00CEEE1A /* Release */,
			);
			defaultConfigurationIsVisible = 0;
			defaultConfigurationName = Release;
		};
		E0D24427111C75F600CEEE1A /* Build configuration list for PBXNativeTarget "UserDefaults-Tests-Framework" */ = {
			isa = XCConfigurationList;
			buildConfigurations = (
				E0D24425111C75F600CEEE1A /* Debug */,
				E0D24426111C75F600CEEE1A /* Release */,
			);
			defaultConfigurationIsVisible = 0;
			defaultConfigurationName = Release;
		};
/* End XCConfigurationList section */
	};
	rootObject = 29B97313FDCFA39411CA2CEA /* Project object */;
}
